// !$*UTF8*$!
{
	archiveVersion = 1;
	classes = {
	};
	objectVersion = 56;
	objects = {

/* Begin PBXBuildFile section */
		A1A1A1A11D000000000001 /* AdMobManager.swift in Sources */ = {isa = PBXBuildFile; fileRef = A1A1A1A11D000000000010 /* AdMobManager.swift */; };
		A1A1A1A1AD000000000003 /* GoogleMobileAds in Frameworks */ = {isa = PBXBuildFile; productRef = A1A1A1A1AD000000000002 /* GoogleMobileAds */; };
		A1A1A1A101000000000001 /* AppDelegate.swift in Sources */ = {isa = PBXBuildFile; fileRef = A1A1A1A101000000000010 /* AppDelegate.swift */; };
		A1A1A1A102000000000001 /* SceneDelegate.swift in Sources */ = {isa = PBXBuildFile; fileRef = A1A1A1A102000000000010 /* SceneDelegate.swift */; };
		A1A1A1A103000000000001 /* WebViewController.swift in Sources */ = {isa = PBXBuildFile; fileRef = A1A1A1A103000000000010 /* WebViewController.swift */; };
		A1A1A1A104000000000001 /* ErrorView.swift in Sources */ = {isa = PBXBuildFile; fileRef = A1A1A1A104000000000010 /* ErrorView.swift */; };
		A1A1A1A105000000000001 /* Assets.xcassets in Resources */ = {isa = PBXBuildFile; fileRef = A1A1A1A105000000000010 /* Assets.xcassets */; };
		A1A1A1A106000000000001 /* LaunchScreen.storyboard in Resources */ = {isa = PBXBuildFile; fileRef = A1A1A1A106000000000010 /* LaunchScreen.storyboard */; };
		A1A1A1A108000000000001 /* PrivacyInfo.xcprivacy in Resources */ = {isa = PBXBuildFile; fileRef = A1A1A1A108000000000010 /* PrivacyInfo.xcprivacy */; };
		A1A1A1A109000000000001 /* AboutViewController.swift in Sources */ = {isa = PBXBuildFile; fileRef = A1A1A1A109000000000010 /* AboutViewController.swift */; };
		A1A1A1A10A000000000001 /* BookmarksViewController.swift in Sources */ = {isa = PBXBuildFile; fileRef = A1A1A1A10A000000000010 /* BookmarksViewController.swift */; };
		A1A1A1A10B000000000001 /* CurrencyRatesViewController.swift in Sources */ = {isa = PBXBuildFile; fileRef = A1A1A1A10B000000000010 /* CurrencyRatesViewController.swift */; };
		A1A1A1A10C000000000001 /* SettingsViewController.swift in Sources */ = {isa = PBXBuildFile; fileRef = A1A1A1A10C000000000010 /* SettingsViewController.swift */; };
		A1A1A1A10D000000000001 /* RootTabBarController.swift in Sources */ = {isa = PBXBuildFile; fileRef = A1A1A1A10D000000000010 /* RootTabBarController.swift */; };
		A1A1A1A10E000000000001 /* SalaryCalculatorViewController.swift in Sources */ = {isa = PBXBuildFile; fileRef = A1A1A1A10E000000000010 /* SalaryCalculatorViewController.swift */; };
		A1A1A1A10F000000000001 /* LoanCalculatorViewController.swift in Sources */ = {isa = PBXBuildFile; fileRef = A1A1A1A10F000000000010 /* LoanCalculatorViewController.swift */; };
		A1A1A1A110000000000001 /* CalculationHistoryStore.swift in Sources */ = {isa = PBXBuildFile; fileRef = A1A1A1A110000000000010 /* CalculationHistoryStore.swift */; };
		A1A1A1A111000000000001 /* HistoryViewController.swift in Sources */ = {isa = PBXBuildFile; fileRef = A1A1A1A111000000000010 /* HistoryViewController.swift */; };
		A1A1A1A112000000000001 /* MoreViewController.swift in Sources */ = {isa = PBXBuildFile; fileRef = A1A1A1A112000000000010 /* MoreViewController.swift */; };
		A1A1A1A113000000000001 /* NotificationsManager.swift in Sources */ = {isa = PBXBuildFile; fileRef = A1A1A1A113000000000010 /* NotificationsManager.swift */; };
		A1A1A1A114000000000001 /* MortgageCalculatorViewController.swift in Sources */ = {isa = PBXBuildFile; fileRef = A1A1A1A114000000000010 /* MortgageCalculatorViewController.swift */; };
		A1A1A1A115000000000001 /* CalorieCalculatorViewController.swift in Sources */ = {isa = PBXBuildFile; fileRef = A1A1A1A115000000000010 /* CalorieCalculatorViewController.swift */; };
		A1A1A1A116000000000001 /* CustomsCalculatorViewController.swift in Sources */ = {isa = PBXBuildFile; fileRef = A1A1A1A116000000000010 /* CustomsCalculatorViewController.swift */; };
		A1A1A1A117000000000001 /* BMICalculatorViewController.swift in Sources */ = {isa = PBXBuildFile; fileRef = A1A1A1A117000000000010 /* BMICalculatorViewController.swift */; };
		A1A1A1A118000000000001 /* CalculatorsHubViewController.swift in Sources */ = {isa = PBXBuildFile; fileRef = A1A1A1A118000000000010 /* CalculatorsHubViewController.swift */; };
		A1A1A1A119000000000001 /* UIHelpers.swift in Sources */ = {isa = PBXBuildFile; fileRef = A1A1A1A119000000000010 /* UIHelpers.swift */; };
		A1A1A1A11A000000000001 /* DepositCalculatorViewController.swift in Sources */ = {isa = PBXBuildFile; fileRef = A1A1A1A11A000000000010 /* DepositCalculatorViewController.swift */; };
		A1A1A1A11B000000000001 /* VATCalculatorViewController.swift in Sources */ = {isa = PBXBuildFile; fileRef = A1A1A1A11B000000000010 /* VATCalculatorViewController.swift */; };
		A1A1A1A11C000000000001 /* RemoteConfig.swift in Sources */ = {isa = PBXBuildFile; fileRef = A1A1A1A11C000000000010 /* RemoteConfig.swift */; };
/* End PBXBuildFile section */

/* Begin PBXFileReference section */
		A1A1A1A101000000000010 /* AppDelegate.swift */ = {isa = PBXFileReference; lastKnownFileType = sourcecode.swift; path = AppDelegate.swift; sourceTree = "<group>"; };
		A1A1A1A102000000000010 /* SceneDelegate.swift */ = {isa = PBXFileReference; lastKnownFileType = sourcecode.swift; path = SceneDelegate.swift; sourceTree = "<group>"; };
		A1A1A1A103000000000010 /* WebViewController.swift */ = {isa = PBXFileReference; lastKnownFileType = sourcecode.swift; path = WebViewController.swift; sourceTree = "<group>"; };
		A1A1A1A104000000000010 /* ErrorView.swift */ = {isa = PBXFileReference; lastKnownFileType = sourcecode.swift; path = ErrorView.swift; sourceTree = "<group>"; };
		A1A1A1A105000000000010 /* Assets.xcassets */ = {isa = PBXFileReference; lastKnownFileType = folder.assetcatalog; path = Assets.xcassets; sourceTree = "<group>"; };
		A1A1A1A106000000000010 /* LaunchScreen.storyboard */ = {isa = PBXFileReference; lastKnownFileType = file.storyboard; name = LaunchScreen.storyboard; path = Base.lproj/LaunchScreen.storyboard; sourceTree = "<group>"; };
		A1A1A1A107000000000010 /* Info.plist */ = {isa = PBXFileReference; lastKnownFileType = text.plist.xml; path = Info.plist; sourceTree = "<group>"; };
		A1A1A1A108000000000010 /* PrivacyInfo.xcprivacy */ = {isa = PBXFileReference; lastKnownFileType = text.xml; path = PrivacyInfo.xcprivacy; sourceTree = "<group>"; };
		A1A1A1A109000000000010 /* AboutViewController.swift */ = {isa = PBXFileReference; lastKnownFileType = sourcecode.swift; path = AboutViewController.swift; sourceTree = "<group>"; };
		A1A1A1A10A000000000010 /* BookmarksViewController.swift */ = {isa = PBXFileReference; lastKnownFileType = sourcecode.swift; path = BookmarksViewController.swift; sourceTree = "<group>"; };
		A1A1A1A10B000000000010 /* CurrencyRatesViewController.swift */ = {isa = PBXFileReference; lastKnownFileType = sourcecode.swift; path = CurrencyRatesViewController.swift; sourceTree = "<group>"; };
		A1A1A1A10C000000000010 /* SettingsViewController.swift */ = {isa = PBXFileReference; lastKnownFileType = sourcecode.swift; path = SettingsViewController.swift; sourceTree = "<group>"; };
		A1A1A1A10D000000000010 /* RootTabBarController.swift */ = {isa = PBXFileReference; lastKnownFileType = sourcecode.swift; path = RootTabBarController.swift; sourceTree = "<group>"; };
		A1A1A1A10E000000000010 /* SalaryCalculatorViewController.swift */ = {isa = PBXFileReference; lastKnownFileType = sourcecode.swift; path = SalaryCalculatorViewController.swift; sourceTree = "<group>"; };
		A1A1A1A11D000000000010 /* AdMobManager.swift */ = {isa = PBXFileReference; lastKnownFileType = sourcecode.swift; path = AdMobManager.swift; sourceTree = "<group>"; };
		A1A1A1A10F000000000010 /* LoanCalculatorViewController.swift */ = {isa = PBXFileReference; lastKnownFileType = sourcecode.swift; path = LoanCalculatorViewController.swift; sourceTree = "<group>"; };
		A1A1A1A110000000000010 /* CalculationHistoryStore.swift */ = {isa = PBXFileReference; lastKnownFileType = sourcecode.swift; path = CalculationHistoryStore.swift; sourceTree = "<group>"; };
		A1A1A1A111000000000010 /* HistoryViewController.swift */ = {isa = PBXFileReference; lastKnownFileType = sourcecode.swift; path = HistoryViewController.swift; sourceTree = "<group>"; };
		A1A1A1A112000000000010 /* MoreViewController.swift */ = {isa = PBXFileReference; lastKnownFileType = sourcecode.swift; path = MoreViewController.swift; sourceTree = "<group>"; };
		A1A1A1A113000000000010 /* NotificationsManager.swift */ = {isa = PBXFileReference; lastKnownFileType = sourcecode.swift; path = NotificationsManager.swift; sourceTree = "<group>"; };
		A1A1A1A114000000000010 /* MortgageCalculatorViewController.swift */ = {isa = PBXFileReference; lastKnownFileType = sourcecode.swift; path = MortgageCalculatorViewController.swift; sourceTree = "<group>"; };
		A1A1A1A115000000000010 /* CalorieCalculatorViewController.swift */ = {isa = PBXFileReference; lastKnownFileType = sourcecode.swift; path = CalorieCalculatorViewController.swift; sourceTree = "<group>"; };
		A1A1A1A116000000000010 /* CustomsCalculatorViewController.swift */ = {isa = PBXFileReference; lastKnownFileType = sourcecode.swift; path = CustomsCalculatorViewController.swift; sourceTree = "<group>"; };
		A1A1A1A117000000000010 /* BMICalculatorViewController.swift */ = {isa = PBXFileReference; lastKnownFileType = sourcecode.swift; path = BMICalculatorViewController.swift; sourceTree = "<group>"; };
		A1A1A1A118000000000010 /* CalculatorsHubViewController.swift */ = {isa = PBXFileReference; lastKnownFileType = sourcecode.swift; path = CalculatorsHubViewController.swift; sourceTree = "<group>"; };
		A1A1A1A119000000000010 /* UIHelpers.swift */ = {isa = PBXFileReference; lastKnownFileType = sourcecode.swift; path = UIHelpers.swift; sourceTree = "<group>"; };
		A1A1A1A11A000000000010 /* DepositCalculatorViewController.swift */ = {isa = PBXFileReference; lastKnownFileType = sourcecode.swift; path = DepositCalculatorViewController.swift; sourceTree = "<group>"; };
		A1A1A1A11B000000000010 /* VATCalculatorViewController.swift */ = {isa = PBXFileReference; lastKnownFileType = sourcecode.swift; path = VATCalculatorViewController.swift; sourceTree = "<group>"; };
		A1A1A1A11C000000000010 /* RemoteConfig.swift */ = {isa = PBXFileReference; lastKnownFileType = sourcecode.swift; path = RemoteConfig.swift; sourceTree = "<group>"; };
		A1A1A1A1FF000000000010 /* CalkUZ.app */ = {isa = PBXFileReference; explicitFileType = wrapper.application; includeInIndex = 0; path = CalkUZ.app; sourceTree = BUILT_PRODUCTS_DIR; };
/* End PBXFileReference section */

/* Begin PBXFrameworksBuildPhase section */
		A1A1A1A1FF000000000020 /* Frameworks */ = {
			isa = PBXFrameworksBuildPhase;
			buildActionMask = 2147483647;
			files = (
				A1A1A1A1AD000000000003 /* GoogleMobileAds in Frameworks */,
			);
			runOnlyForDeploymentPostprocessing = 0;
		};
/* End PBXFrameworksBuildPhase section */

/* Begin PBXGroup section */
		A1A1A1A1FF000000000030 = {
			isa = PBXGroup;
			children = (
				A1A1A1A1FF000000000040 /* CalkUZ */,
				A1A1A1A1FF000000000050 /* Products */,
			);
			sourceTree = "<group>";
		};
		A1A1A1A1FF000000000040 /* CalkUZ */ = {
			isa = PBXGroup;
			children = (
				A1A1A1A101000000000010 /* AppDelegate.swift */,
				A1A1A1A102000000000010 /* SceneDelegate.swift */,
				A1A1A1A103000000000010 /* WebViewController.swift */,
				A1A1A1A104000000000010 /* ErrorView.swift */,
				A1A1A1A109000000000010 /* AboutViewController.swift */,
				A1A1A1A10A000000000010 /* BookmarksViewController.swift */,
				A1A1A1A10B000000000010 /* CurrencyRatesViewController.swift */,
				A1A1A1A10C000000000010 /* SettingsViewController.swift */,
				A1A1A1A10D000000000010 /* RootTabBarController.swift */,
				A1A1A1A10E000000000010 /* SalaryCalculatorViewController.swift */,
				A1A1A1A11D000000000010 /* AdMobManager.swift */,
				A1A1A1A10F000000000010 /* LoanCalculatorViewController.swift */,
				A1A1A1A110000000000010 /* CalculationHistoryStore.swift */,
				A1A1A1A111000000000010 /* HistoryViewController.swift */,
				A1A1A1A112000000000010 /* MoreViewController.swift */,
				A1A1A1A113000000000010 /* NotificationsManager.swift */,
				A1A1A1A114000000000010 /* MortgageCalculatorViewController.swift */,
				A1A1A1A115000000000010 /* CalorieCalculatorViewController.swift */,
				A1A1A1A116000000000010 /* CustomsCalculatorViewController.swift */,
				A1A1A1A117000000000010 /* BMICalculatorViewController.swift */,
				A1A1A1A118000000000010 /* CalculatorsHubViewController.swift */,
				A1A1A1A119000000000010 /* UIHelpers.swift */,
				A1A1A1A11A000000000010 /* DepositCalculatorViewController.swift */,
				A1A1A1A11B000000000010 /* VATCalculatorViewController.swift */,
				A1A1A1A11C000000000010 /* RemoteConfig.swift */,
				A1A1A1A105000000000010 /* Assets.xcassets */,
				A1A1A1A106000000000010 /* LaunchScreen.storyboard */,
				A1A1A1A107000000000010 /* Info.plist */,
				A1A1A1A108000000000010 /* PrivacyInfo.xcprivacy */,
			);
			path = CalkUZ;
			sourceTree = "<group>";
		};
		A1A1A1A1FF000000000050 /* Products */ = {
			isa = PBXGroup;
			children = (
				A1A1A1A1FF000000000010 /* CalkUZ.app */,
			);
			name = Products;
			sourceTree = "<group>";
		};
/* End PBXGroup section */

/* Begin PBXNativeTarget section */
		A1A1A1A1FF000000000060 /* CalkUZ */ = {
			isa = PBXNativeTarget;
			buildConfigurationList = A1A1A1A1FF000000000070 /* Build configuration list for PBXNativeTarget "CalkUZ" */;
			buildPhases = (
				A1A1A1A1FF000000000080 /* Sources */,
				A1A1A1A1FF000000000020 /* Frameworks */,
				A1A1A1A1FF000000000090 /* Resources */,
			);
			buildRules = (
			);
			dependencies = (
			);
			name = CalkUZ;
			productName = CalkUZ;
			packageProductDependencies = (
				A1A1A1A1AD000000000002 /* GoogleMobileAds */,
			);
			productReference = A1A1A1A1FF000000000010 /* CalkUZ.app */;
			productType = "com.apple.product-type.application";
		};
/* End PBXNativeTarget section */

/* Begin PBXProject section */
		A1A1A1A1FF0000000000A0 /* Project object */ = {
			isa = PBXProject;
			attributes = {
				BuildIndependentTargetsInParallel = 1;
				LastSwiftUpdateCheck = 1500;
				LastUpgradeCheck = 1500;
				TargetAttributes = {
					A1A1A1A1FF000000000060 = {
						CreatedOnToolsVersion = 15.0;
					};
				};
			};
			buildConfigurationList = A1A1A1A1FF0000000000B0 /* Build configuration list for PBXProject "CalkUZ" */;
			compatibilityVersion = "Xcode 14.0";
			developmentRegion = ru;
			hasScannedForEncodings = 0;
			knownRegions = (
				ru,
				ky,
				en,
				Base,
			);
			mainGroup = A1A1A1A1FF000000000030;
			productRefGroup = A1A1A1A1FF000000000050 /* Products */;
			packageReferences = (
				A1A1A1A1AD000000000001 /* XCRemoteSwiftPackageReference "swift-package-manager-google-mobile-ads" */,
			);
			projectDirPath = "";
			projectRoot = "";
			targets = (
				A1A1A1A1FF000000000060 /* CalkUZ */,
			);
		};
/* End PBXProject section */

/* Begin XCRemoteSwiftPackageReference section */
		A1A1A1A1AD000000000001 /* XCRemoteSwiftPackageReference "swift-package-manager-google-mobile-ads" */ = {
			isa = XCRemoteSwiftPackageReference;
			repositoryURL = "https://github.com/googleads/swift-package-manager-google-mobile-ads.git";
			requirement = {
				kind = upToNextMajorVersion;
				minimumVersion = 12.0.0;
			};
		};
/* End XCRemoteSwiftPackageReference section */

/* Begin XCSwiftPackageProductDependency section */
		A1A1A1A1AD000000000002 /* GoogleMobileAds */ = {
			isa = XCSwiftPackageProductDependency;
			package = A1A1A1A1AD000000000001 /* XCRemoteSwiftPackageReference "swift-package-manager-google-mobile-ads" */;
			productName = GoogleMobileAds;
		};
/* End XCSwiftPackageProductDependency section */

/* Begin PBXResourcesBuildPhase section */
		A1A1A1A1FF000000000090 /* Resources */ = {
			isa = PBXResourcesBuildPhase;
			buildActionMask = 2147483647;
			files = (
				A1A1A1A106000000000001 /* LaunchScreen.storyboard in Resources */,
				A1A1A1A105000000000001 /* Assets.xcassets in Resources */,
				A1A1A1A108000000000001 /* PrivacyInfo.xcprivacy in Resources */,
			);
			runOnlyForDeploymentPostprocessing = 0;
		};
/* End PBXResourcesBuildPhase section */

/* Begin PBXSourcesBuildPhase section */
		A1A1A1A1FF000000000080 /* Sources */ = {
			isa = PBXSourcesBuildPhase;
			buildActionMask = 2147483647;
			files = (
				A1A1A1A101000000000001 /* AppDelegate.swift in Sources */,
				A1A1A1A102000000000001 /* SceneDelegate.swift in Sources */,
				A1A1A1A103000000000001 /* WebViewController.swift in Sources */,
				A1A1A1A104000000000001 /* ErrorView.swift in Sources */,
				A1A1A1A109000000000001 /* AboutViewController.swift in Sources */,
				A1A1A1A10A000000000001 /* BookmarksViewController.swift in Sources */,
				A1A1A1A10B000000000001 /* CurrencyRatesViewController.swift in Sources */,
				A1A1A1A10C000000000001 /* SettingsViewController.swift in Sources */,
				A1A1A1A10D000000000001 /* RootTabBarController.swift in Sources */,
				A1A1A1A10E000000000001 /* SalaryCalculatorViewController.swift in Sources */,
				A1A1A1A11D000000000001 /* AdMobManager.swift in Sources */,
				A1A1A1A10F000000000001 /* LoanCalculatorViewController.swift in Sources */,
				A1A1A1A110000000000001 /* CalculationHistoryStore.swift in Sources */,
				A1A1A1A111000000000001 /* HistoryViewController.swift in Sources */,
				A1A1A1A112000000000001 /* MoreViewController.swift in Sources */,
				A1A1A1A113000000000001 /* NotificationsManager.swift in Sources */,
				A1A1A1A114000000000001 /* MortgageCalculatorViewController.swift in Sources */,
				A1A1A1A115000000000001 /* CalorieCalculatorViewController.swift in Sources */,
				A1A1A1A116000000000001 /* CustomsCalculatorViewController.swift in Sources */,
				A1A1A1A117000000000001 /* BMICalculatorViewController.swift in Sources */,
				A1A1A1A118000000000001 /* CalculatorsHubViewController.swift in Sources */,
				A1A1A1A119000000000001 /* UIHelpers.swift in Sources */,
				A1A1A1A11A000000000001 /* DepositCalculatorViewController.swift in Sources */,
				A1A1A1A11B000000000001 /* VATCalculatorViewController.swift in Sources */,
				A1A1A1A11C000000000001 /* RemoteConfig.swift in Sources */,
			);
			runOnlyForDeploymentPostprocessing = 0;
		};
/* End PBXSourcesBuildPhase section */

/* Begin XCBuildConfiguration section */
		A1A1A1A1FF0000000000C0 /* Debug */ = {
			isa = XCBuildConfiguration;
			buildSettings = {
				ALWAYS_SEARCH_USER_PATHS = NO;
				ASSETCATALOG_COMPILER_GENERATE_SWIFT_ASSET_SYMBOL_EXTENSIONS = YES;
				CLANG_ANALYZER_NONNULL = YES;
				CLANG_ANALYZER_NUMBER_OBJECT_CONVERSION = YES_AGGRESSIVE;
				CLANG_CXX_LANGUAGE_STANDARD = "gnu++20";
				CLANG_ENABLE_MODULES = YES;
				CLANG_ENABLE_OBJC_ARC = YES;
				CLANG_ENABLE_OBJC_WEAK = YES;
				CLANG_WARN_BLOCK_CAPTURE_AUTORELEASING = YES;
				CLANG_WARN_BOOL_CONVERSION = YES;
				CLANG_WARN_COMMA = YES;
				CLANG_WARN_CONSTANT_CONVERSION = YES;
				CLANG_WARN_DEPRECATED_OBJC_IMPLEMENTATIONS = YES;
				CLANG_WARN_DIRECT_OBJC_ISA_USAGE = YES_ERROR;
				CLANG_WARN_DOCUMENTATION_COMMENTS = YES;
				CLANG_WARN_EMPTY_BODY = YES;
				CLANG_WARN_ENUM_CONVERSION = YES;
				CLANG_WARN_INFINITE_RECURSION = YES;
				CLANG_WARN_INT_CONVERSION = YES;
				CLANG_WARN_NON_LITERAL_NULL_CONVERSION = YES;
				CLANG_WARN_OBJC_IMPLICIT_RETAIN_SELF = YES;
				CLANG_WARN_OBJC_LITERAL_CONVERSION = YES;
				CLANG_WARN_OBJC_ROOT_CLASS = YES_ERROR;
				CLANG_WARN_QUOTED_INCLUDE_IN_FRAMEWORK_HEADER = YES;
				CLANG_WARN_RANGE_LOOP_ANALYSIS = YES;
				CLANG_WARN_STRICT_PROTOTYPES = YES;
				CLANG_WARN_SUSPICIOUS_MOVE = YES;
				CLANG_WARN_UNGUARDED_AVAILABILITY = YES_AGGRESSIVE;
				CLANG_WARN_UNREACHABLE_CODE = YES;
				CLANG_WARN__DUPLICATE_METHOD_MATCH = YES;
				COPY_PHASE_STRIP = NO;
				DEBUG_INFORMATION_FORMAT = dwarf;
				ENABLE_STRICT_OBJC_MSGSEND = YES;
				ENABLE_TESTABILITY = YES;
				ENABLE_USER_SCRIPT_SANDBOXING = YES;
				GCC_C_LANGUAGE_STANDARD = gnu17;
				GCC_DYNAMIC_NO_PIC = NO;
				GCC_NO_COMMON_BLOCKS = YES;
				GCC_OPTIMIZATION_LEVEL = 0;
				GCC_PREPROCESSOR_DEFINITIONS = (
					"DEBUG=1",
					"$(inherited)",
				);
				GCC_WARN_64_TO_32_BIT_CONVERSION = YES;
				GCC_WARN_ABOUT_RETURN_TYPE = YES_ERROR;
				GCC_WARN_UNDECLARED_SELECTOR = YES;
				GCC_WARN_UNINITIALIZED_AUTOS = YES_AGGRESSIVE;
				GCC_WARN_UNUSED_FUNCTION = YES;
				GCC_WARN_UNUSED_VARIABLE = YES;
				IPHONEOS_DEPLOYMENT_TARGET = 15.0;
				LOCALIZATION_PREFERS_STRING_CATALOGS = YES;
				MTL_ENABLE_DEBUG_INFO = INCLUDE_SOURCE;
				MTL_FAST_MATH = YES;
				ONLY_ACTIVE_ARCH = YES;
				SDKROOT = iphoneos;
				SWIFT_ACTIVE_COMPILATION_CONDITIONS = "DEBUG $(inherited)";
				SWIFT_OPTIMIZATION_LEVEL = "-Onone";
			};
			name = Debug;
		};
		A1A1A1A1FF0000000000D0 /* Release */ = {
			isa = XCBuildConfiguration;
			buildSettings = {
				ALWAYS_SEARCH_USER_PATHS = NO;
				ASSETCATALOG_COMPILER_GENERATE_SWIFT_ASSET_SYMBOL_EXTENSIONS = YES;
				CLANG_ANALYZER_NONNULL = YES;
				CLANG_ANALYZER_NUMBER_OBJECT_CONVERSION = YES_AGGRESSIVE;
				CLANG_CXX_LANGUAGE_STANDARD = "gnu++20";
				CLANG_ENABLE_MODULES = YES;
				CLANG_ENABLE_OBJC_ARC = YES;
				CLANG_ENABLE_OBJC_WEAK = YES;
				CLANG_WARN_BLOCK_CAPTURE_AUTORELEASING = YES;
				CLANG_WARN_BOOL_CONVERSION = YES;
				CLANG_WARN_COMMA = YES;
				CLANG_WARN_CONSTANT_CONVERSION = YES;
				CLANG_WARN_DEPRECATED_OBJC_IMPLEMENTATIONS = YES;
				CLANG_WARN_DIRECT_OBJC_ISA_USAGE = YES_ERROR;
				CLANG_WARN_DOCUMENTATION_COMMENTS = YES;
				CLANG_WARN_EMPTY_BODY = YES;
				CLANG_WARN_ENUM_CONVERSION = YES;
				CLANG_WARN_INFINITE_RECURSION = YES;
				CLANG_WARN_INT_CONVERSION = YES;
				CLANG_WARN_NON_LITERAL_NULL_CONVERSION = YES;
				CLANG_WARN_OBJC_IMPLICIT_RETAIN_SELF = YES;
				CLANG_WARN_OBJC_LITERAL_CONVERSION = YES;
				CLANG_WARN_OBJC_ROOT_CLASS = YES_ERROR;
				CLANG_WARN_QUOTED_INCLUDE_IN_FRAMEWORK_HEADER = YES;
				CLANG_WARN_RANGE_LOOP_ANALYSIS = YES;
				CLANG_WARN_STRICT_PROTOTYPES = YES;
				CLANG_WARN_SUSPICIOUS_MOVE = YES;
				CLANG_WARN_UNGUARDED_AVAILABILITY = YES_AGGRESSIVE;
				CLANG_WARN_UNREACHABLE_CODE = YES;
				CLANG_WARN__DUPLICATE_METHOD_MATCH = YES;
				COPY_PHASE_STRIP = NO;
				DEBUG_INFORMATION_FORMAT = "dwarf-with-dsym";
				ENABLE_NS_ASSERTIONS = NO;
				ENABLE_STRICT_OBJC_MSGSEND = YES;
				ENABLE_USER_SCRIPT_SANDBOXING = YES;
				GCC_C_LANGUAGE_STANDARD = gnu17;
				GCC_NO_COMMON_BLOCKS = YES;
				GCC_WARN_64_TO_32_BIT_CONVERSION = YES;
				GCC_WARN_ABOUT_RETURN_TYPE = YES_ERROR;
				GCC_WARN_UNDECLARED_SELECTOR = YES;
				GCC_WARN_UNINITIALIZED_AUTOS = YES_AGGRESSIVE;
				GCC_WARN_UNUSED_FUNCTION = YES;
				GCC_WARN_UNUSED_VARIABLE = YES;
				IPHONEOS_DEPLOYMENT_TARGET = 15.0;
				LOCALIZATION_PREFERS_STRING_CATALOGS = YES;
				MTL_ENABLE_DEBUG_INFO = NO;
				MTL_FAST_MATH = YES;
				SDKROOT = iphoneos;
				SWIFT_COMPILATION_MODE = wholemodule;
				VALIDATE_PRODUCT = YES;
			};
			name = Release;
		};
		A1A1A1A1FF0000000000E0 /* Debug */ = {
			isa = XCBuildConfiguration;
			buildSettings = {
				ASSETCATALOG_COMPILER_APPICON_NAME = AppIcon;
				ASSETCATALOG_COMPILER_GLOBAL_ACCENT_COLOR_NAME = AccentColor;
				CODE_SIGN_STYLE = Automatic;
				CURRENT_PROJECT_VERSION = 7;
				DEVELOPMENT_TEAM = SRKYS78RMQ;
				ENABLE_PREVIEWS = YES;
				GENERATE_INFOPLIST_FILE = NO;
				INFOPLIST_FILE = CalkUZ/Info.plist;
				INFOPLIST_KEY_UIApplicationSceneManifest_Generation = YES;
				INFOPLIST_KEY_UIApplicationSupportsIndirectInputEvents = YES;
				INFOPLIST_KEY_UILaunchStoryboardName = LaunchScreen;
				INFOPLIST_KEY_UISupportedInterfaceOrientations_iPad = "UIInterfaceOrientationPortrait UIInterfaceOrientationPortraitUpsideDown UIInterfaceOrientationLandscapeLeft UIInterfaceOrientationLandscapeRight";
				INFOPLIST_KEY_UISupportedInterfaceOrientations_iPhone = "UIInterfaceOrientationPortrait UIInterfaceOrientationLandscapeLeft UIInterfaceOrientationLandscapeRight";
				LD_RUNPATH_SEARCH_PATHS = (
					"$(inherited)",
					"@executable_path/Frameworks",
				);
				MARKETING_VERSION = 1.1.0;
				PRODUCT_BUNDLE_IDENTIFIER = uz.calk.calculator;
				PRODUCT_NAME = "$(TARGET_NAME)";
				SUPPORTED_PLATFORMS = "iphoneos iphonesimulator";
				SUPPORTS_MACCATALYST = NO;
				SUPPORTS_MAC_DESIGNED_FOR_IPHONE_IPAD = YES;
				SWIFT_EMIT_LOC_STRINGS = YES;
				SWIFT_VERSION = 5.0;
				TARGETED_DEVICE_FAMILY = "1,2";
			};
			name = Debug;
		};
		A1A1A1A1FF0000000000F0 /* Release */ = {
			isa = XCBuildConfiguration;
			buildSettings = {
				ASSETCATALOG_COMPILER_APPICON_NAME = AppIcon;
				ASSETCATALOG_COMPILER_GLOBAL_ACCENT_COLOR_NAME = AccentColor;
				CODE_SIGN_IDENTITY = "Apple Distribution";
				"CODE_SIGN_IDENTITY[sdk=iphoneos*]" = "Apple Distribution";
				CODE_SIGN_STYLE = Manual;
				CURRENT_PROJECT_VERSION = 7;
				DEVELOPMENT_TEAM = SRKYS78RMQ;
				PROVISIONING_PROFILE_SPECIFIER = "CalkUZ";
				ENABLE_PREVIEWS = YES;
				GENERATE_INFOPLIST_FILE = NO;
				INFOPLIST_FILE = CalkUZ/Info.plist;
				INFOPLIST_KEY_UIApplicationSceneManifest_Generation = YES;
				INFOPLIST_KEY_UIApplicationSupportsIndirectInputEvents = YES;
				INFOPLIST_KEY_UILaunchStoryboardName = LaunchScreen;
				INFOPLIST_KEY_UISupportedInterfaceOrientations_iPad = "UIInterfaceOrientationPortrait UIInterfaceOrientationPortraitUpsideDown UIInterfaceOrientationLandscapeLeft UIInterfaceOrientationLandscapeRight";
				INFOPLIST_KEY_UISupportedInterfaceOrientations_iPhone = "UIInterfaceOrientationPortrait UIInterfaceOrientationLandscapeLeft UIInterfaceOrientationLandscapeRight";
				LD_RUNPATH_SEARCH_PATHS = (
					"$(inherited)",
					"@executable_path/Frameworks",
				);
				MARKETING_VERSION = 1.1.0;
				PRODUCT_BUNDLE_IDENTIFIER = uz.calk.calculator;
				PRODUCT_NAME = "$(TARGET_NAME)";
				SUPPORTED_PLATFORMS = "iphoneos iphonesimulator";
				SUPPORTS_MACCATALYST = NO;
				SUPPORTS_MAC_DESIGNED_FOR_IPHONE_IPAD = YES;
				SWIFT_EMIT_LOC_STRINGS = YES;
				SWIFT_VERSION = 5.0;
				TARGETED_DEVICE_FAMILY = "1,2";
			};
			name = Release;
		};
/* End XCBuildConfiguration section */

/* Begin XCConfigurationList section */
		A1A1A1A1FF000000000070 /* Build configuration list for PBXNativeTarget "CalkUZ" */ = {
			isa = XCConfigurationList;
			buildConfigurations = (
				A1A1A1A1FF0000000000E0 /* Debug */,
				A1A1A1A1FF0000000000F0 /* Release */,
			);
			defaultConfigurationIsVisible = 0;
			defaultConfigurationName = Release;
		};
		A1A1A1A1FF0000000000B0 /* Build configuration list for PBXProject "CalkUZ" */ = {
			isa = XCConfigurationList;
			buildConfigurations = (
				A1A1A1A1FF0000000000C0 /* Debug */,
				A1A1A1A1FF0000000000D0 /* Release */,
			);
			defaultConfigurationIsVisible = 0;
			defaultConfigurationName = Release;
		};
/* End XCConfigurationList section */
	};
	rootObject = A1A1A1A1FF0000000000A0 /* Project object */;
}
